// !$*UTF8*$!
{
	archiveVersion = 1;
	classes = {
	};
	objectVersion = 50;
	objects = {

/* Begin PBXBuildFile section */
		533EA95E6B2BC8ED1186B031 /* Pods_cuser.framework in Frameworks */ = {isa = PBXBuildFile; fileRef = B29222ED739ACA73165E81D6 /* Pods_cuser.framework */; };
		A31867022506359B004DFEF1 /* AppDelegate.swift in Sources */ = {isa = PBXBuildFile; fileRef = A31867012506359B004DFEF1 /* AppDelegate.swift */; };
		A31867042506359B004DFEF1 /* SceneDelegate.swift in Sources */ = {isa = PBXBuildFile; fileRef = A31867032506359B004DFEF1 /* SceneDelegate.swift */; };
		A31867092506359B004DFEF1 /* Main.storyboard in Resources */ = {isa = PBXBuildFile; fileRef = A31867072506359B004DFEF1 /* Main.storyboard */; };
		A318670B2506359D004DFEF1 /* Assets.xcassets in Resources */ = {isa = PBXBuildFile; fileRef = A318670A2506359D004DFEF1 /* Assets.xcassets */; };
		A318670E2506359D004DFEF1 /* LaunchScreen.storyboard in Resources */ = {isa = PBXBuildFile; fileRef = A318670C2506359D004DFEF1 /* LaunchScreen.storyboard */; };
		A31867162506391A004DFEF1 /* LoginViewController.swift in Sources */ = {isa = PBXBuildFile; fileRef = A31867152506391A004DFEF1 /* LoginViewController.swift */; };
		A318671825063932004DFEF1 /* HomeViewController.swift in Sources */ = {isa = PBXBuildFile; fileRef = A318671725063932004DFEF1 /* HomeViewController.swift */; };
		A318671A25063963004DFEF1 /* MenuViewController.swift in Sources */ = {isa = PBXBuildFile; fileRef = A318671925063963004DFEF1 /* MenuViewController.swift */; };
		A318671C25063995004DFEF1 /* SearchViewController.swift in Sources */ = {isa = PBXBuildFile; fileRef = A318671B25063995004DFEF1 /* SearchViewController.swift */; };
		A318671E250639B9004DFEF1 /* FavViewController.swift in Sources */ = {isa = PBXBuildFile; fileRef = A318671D250639B9004DFEF1 /* FavViewController.swift */; };
		A318672225064623004DFEF1 /* TabBarViewController.swift in Sources */ = {isa = PBXBuildFile; fileRef = A318672125064623004DFEF1 /* TabBarViewController.swift */; };
		A397B26B25084EEA00308C64 /* GoogleService-Info-2.plist in Resources */ = {isa = PBXBuildFile; fileRef = A397B26A25084EE900308C64 /* GoogleService-Info-2.plist */; };
/* End PBXBuildFile section */

/* Begin PBXFileReference section */
		2E67E18AEF2C1A9ACB31B8BB /* Pods-cuser.release.xcconfig */ = {isa = PBXFileReference; includeInIndex = 1; lastKnownFileType = text.xcconfig; name = "Pods-cuser.release.xcconfig"; path = "Target Support Files/Pods-cuser/Pods-cuser.release.xcconfig"; sourceTree = "<group>"; };
		A31866FE2506359B004DFEF1 /* cuser.app */ = {isa = PBXFileReference; explicitFileType = wrapper.application; includeInIndex = 0; path = cuser.app; sourceTree = BUILT_PRODUCTS_DIR; };
		A31867012506359B004DFEF1 /* AppDelegate.swift */ = {isa = PBXFileReference; lastKnownFileType = sourcecode.swift; path = AppDelegate.swift; sourceTree = "<group>"; };
		A31867032506359B004DFEF1 /* SceneDelegate.swift */ = {isa = PBXFileReference; lastKnownFileType = sourcecode.swift; path = SceneDelegate.swift; sourceTree = "<group>"; };
		A31867082506359B004DFEF1 /* Base */ = {isa = PBXFileReference; lastKnownFileType = file.storyboard; name = Base; path = Base.lproj/Main.storyboard; sourceTree = "<group>"; };
		A318670A2506359D004DFEF1 /* Assets.xcassets */ = {isa = PBXFileReference; lastKnownFileType = folder.assetcatalog; path = Assets.xcassets; sourceTree = "<group>"; };
		A318670D2506359D004DFEF1 /* Base */ = {isa = PBXFileReference; lastKnownFileType = file.storyboard; name = Base; path = Base.lproj/LaunchScreen.storyboard; sourceTree = "<group>"; };
		A318670F2506359D004DFEF1 /* Info.plist */ = {isa = PBXFileReference; lastKnownFileType = text.plist.xml; path = Info.plist; sourceTree = "<group>"; };
		A31867152506391A004DFEF1 /* LoginViewController.swift */ = {isa = PBXFileReference; lastKnownFileType = sourcecode.swift; path = LoginViewController.swift; sourceTree = "<group>"; };
		A318671725063932004DFEF1 /* HomeViewController.swift */ = {isa = PBXFileReference; lastKnownFileType = sourcecode.swift; path = HomeViewController.swift; sourceTree = "<group>"; };
		A318671925063963004DFEF1 /* MenuViewController.swift */ = {isa = PBXFileReference; lastKnownFileType = sourcecode.swift; path = MenuViewController.swift; sourceTree = "<group>"; };
		A318671B25063995004DFEF1 /* SearchViewController.swift */ = {isa = PBXFileReference; lastKnownFileType = sourcecode.swift; path = SearchViewController.swift; sourceTree = "<group>"; };
		A318671D250639B9004DFEF1 /* FavViewController.swift */ = {isa = PBXFileReference; lastKnownFileType = sourcecode.swift; path = FavViewController.swift; sourceTree = "<group>"; };
		A318672125064623004DFEF1 /* TabBarViewController.swift */ = {isa = PBXFileReference; lastKnownFileType = sourcecode.swift; path = TabBarViewController.swift; sourceTree = "<group>"; };
		A397B26A25084EE900308C64 /* GoogleService-Info-2.plist */ = {isa = PBXFileReference; fileEncoding = 4; lastKnownFileType = text.plist.xml; path = "GoogleService-Info-2.plist"; sourceTree = "<group>"; };
		B29222ED739ACA73165E81D6 /* Pods_cuser.framework */ = {isa = PBXFileReference; explicitFileType = wrapper.framework; includeInIndex = 0; path = Pods_cuser.framework; sourceTree = BUILT_PRODUCTS_DIR; };
		F802A1775D8EE15B3203E36A /* Pods-cuser.debug.xcconfig */ = {isa = PBXFileReference; includeInIndex = 1; lastKnownFileType = text.xcconfig; name = "Pods-cuser.debug.xcconfig"; path = "Target Support Files/Pods-cuser/Pods-cuser.debug.xcconfig"; sourceTree = "<group>"; };
/* End PBXFileReference section */

/* Begin PBXFrameworksBuildPhase section */
		A31866FB2506359B004DFEF1 /* Frameworks */ = {
			isa = PBXFrameworksBuildPhase;
			buildActionMask = 2147483647;
			files = (
				533EA95E6B2BC8ED1186B031 /* Pods_cuser.framework in Frameworks */,
			);
			runOnlyForDeploymentPostprocessing = 0;
		};
/* End PBXFrameworksBuildPhase section */

/* Begin PBXGroup section */
		A31866F52506359B004DFEF1 = {
			isa = PBXGroup;
			children = (
				A31867002506359B004DFEF1 /* cuser */,
				A31866FF2506359B004DFEF1 /* Products */,
				EC4DFE1558B6B026217AE0F6 /* Pods */,
				B8E78DB9FAE7CC78CFB80152 /* Frameworks */,
			);
			sourceTree = "<group>";
		};
		A31866FF2506359B004DFEF1 /* Products */ = {
			isa = PBXGroup;
			children = (
				A31866FE2506359B004DFEF1 /* cuser.app */,
			);
			name = Products;
			sourceTree = "<group>";
		};
		A31867002506359B004DFEF1 /* cuser */ = {
			isa = PBXGroup;
			children = (
				A31867012506359B004DFEF1 /* AppDelegate.swift */,
				A31867032506359B004DFEF1 /* SceneDelegate.swift */,
				A31867152506391A004DFEF1 /* LoginViewController.swift */,
				A318672125064623004DFEF1 /* TabBarViewController.swift */,
				A318671725063932004DFEF1 /* HomeViewController.swift */,
				A318671B25063995004DFEF1 /* SearchViewController.swift */,
				A318671D250639B9004DFEF1 /* FavViewController.swift */,
				A318671925063963004DFEF1 /* MenuViewController.swift */,
				A31867072506359B004DFEF1 /* Main.storyboard */,
				A318670A2506359D004DFEF1 /* Assets.xcassets */,
				A318670C2506359D004DFEF1 /* LaunchScreen.storyboard */,
				A318670F2506359D004DFEF1 /* Info.plist */,
				A397B26A25084EE900308C64 /* GoogleService-Info-2.plist */,
			);
			path = cuser;
			sourceTree = "<group>";
		};
		B8E78DB9FAE7CC78CFB80152 /* Frameworks */ = {
			isa = PBXGroup;
			children = (
				B29222ED739ACA73165E81D6 /* Pods_cuser.framework */,
			);
			name = Frameworks;
			sourceTree = "<group>";
		};
		EC4DFE1558B6B026217AE0F6 /* Pods */ = {
			isa = PBXGroup;
			children = (
				F802A1775D8EE15B3203E36A /* Pods-cuser.debug.xcconfig */,
				2E67E18AEF2C1A9ACB31B8BB /* Pods-cuser.release.xcconfig */,
			);
			path = Pods;
			sourceTree = "<group>";
		};
/* End PBXGroup section */

/* Begin PBXNativeTarget section */
		A31866FD2506359B004DFEF1 /* cuser */ = {
			isa = PBXNativeTarget;
			buildConfigurationList = A31867122506359D004DFEF1 /* Build configuration list for PBXNativeTarget "cuser" */;
			buildPhases = (
				3818DE3636BA77E963018EEB /* [CP] Check Pods Manifest.lock */,
				A31866FA2506359B004DFEF1 /* Sources */,
				A31866FB2506359B004DFEF1 /* Frameworks */,
				A31866FC2506359B004DFEF1 /* Resources */,
				7823F9C0AAB63522271307D5 /* [CP] Embed Pods Frameworks */,
			);
			buildRules = (
			);
			dependencies = (
			);
			name = cuser;
			productName = cuser;
			productReference = A31866FE2506359B004DFEF1 /* cuser.app */;
			productType = "com.apple.product-type.application";
		};
/* End PBXNativeTarget section */

/* Begin PBXProject section */
		A31866F62506359B004DFEF1 /* Project object */ = {
			isa = PBXProject;
			attributes = {
				LastSwiftUpdateCheck = 1110;
				LastUpgradeCheck = 1110;
				ORGANIZATIONNAME = kaisei.iwata;
				TargetAttributes = {
					A31866FD2506359B004DFEF1 = {
						CreatedOnToolsVersion = 11.1;
					};
				};
			};
			buildConfigurationList = A31866F92506359B004DFEF1 /* Build configuration list for PBXProject "cuser" */;
			compatibilityVersion = "Xcode 9.3";
			developmentRegion = en;
			hasScannedForEncodings = 0;
			knownRegions = (
				en,
				Base,
			);
			mainGroup = A31866F52506359B004DFEF1;
			productRefGroup = A31866FF2506359B004DFEF1 /* Products */;
			projectDirPath = "";
			projectRoot = "";
			targets = (
				A31866FD2506359B004DFEF1 /* cuser */,
			);
		};
/* End PBXProject section */

/* Begin PBXResourcesBuildPhase section */
		A31866FC2506359B004DFEF1 /* Resources */ = {
			isa = PBXResourcesBuildPhase;
			buildActionMask = 2147483647;
			files = (
				A318670E2506359D004DFEF1 /* LaunchScreen.storyboard in Resources */,
				A318670B2506359D004DFEF1 /* Assets.xcassets in Resources */,
				A397B26B25084EEA00308C64 /* GoogleService-Info-2.plist in Resources */,
				A31867092506359B004DFEF1 /* Main.storyboard in Resources */,
			);
			runOnlyForDeploymentPostprocessing = 0;
		};
/* End PBXResourcesBuildPhase section */

/* Begin PBXShellScriptBuildPhase section */
		3818DE3636BA77E963018EEB /* [CP] Check Pods Manifest.lock */ = {
			isa = PBXShellScriptBuildPhase;
			buildActionMask = 2147483647;
			files = (
			);
			inputFileListPaths = (
			);
			inputPaths = (
				"${PODS_PODFILE_DIR_PATH}/Podfile.lock",
				"${PODS_ROOT}/Manifest.lock",
			);
			name = "[CP] Check Pods Manifest.lock";
			outputFileListPaths = (
			);
			outputPaths = (
				"$(DERIVED_FILE_DIR)/Pods-cuser-checkManifestLockResult.txt",
			);
			runOnlyForDeploymentPostprocessing = 0;
			shellPath = /bin/sh;
			shellScript = "diff \"${PODS_PODFILE_DIR_PATH}/Podfile.lock\" \"${PODS_ROOT}/Manifest.lock\" > /dev/null\nif [ $? != 0 ] ; then\n    # print error to STDERR\n    echo \"error: The sandbox is not in sync with the Podfile.lock. Run 'pod install' or update your CocoaPods installation.\" >&2\n    exit 1\nfi\n# This output is used by Xcode 'outputs' to avoid re-running this script phase.\necho \"SUCCESS\" > \"${SCRIPT_OUTPUT_FILE_0}\"\n";
			showEnvVarsInLog = 0;
		};
		7823F9C0AAB63522271307D5 /* [CP] Embed Pods Frameworks */ = {
			isa = PBXShellScriptBuildPhase;
			buildActionMask = 2147483647;
			files = (
			);
			inputFileListPaths = (
				"${PODS_ROOT}/Target Support Files/Pods-cuser/Pods-cuser-frameworks-${CONFIGURATION}-input-files.xcfilelist",
			);
			name = "[CP] Embed Pods Frameworks";
			outputFileListPaths = (
				"${PODS_ROOT}/Target Support Files/Pods-cuser/Pods-cuser-frameworks-${CONFIGURATION}-output-files.xcfilelist",
			);
			runOnlyForDeploymentPostprocessing = 0;
			shellPath = /bin/sh;
			shellScript = "\"${PODS_ROOT}/Target Support Files/Pods-cuser/Pods-cuser-frameworks.sh\"\n";
			showEnvVarsInLog = 0;
		};
/* End PBXShellScriptBuildPhase section */

/* Begin PBXSourcesBuildPhase section */
		A31866FA2506359B004DFEF1 /* Sources */ = {
			isa = PBXSourcesBuildPhase;
			buildActionMask = 2147483647;
			files = (
				A318672225064623004DFEF1 /* TabBarViewController.swift in Sources */,
				A318671825063932004DFEF1 /* HomeViewController.swift in Sources */,
				A318671C25063995004DFEF1 /* SearchViewController.swift in Sources */,
				A318671A25063963004DFEF1 /* MenuViewController.swift in Sources */,
				A31867162506391A004DFEF1 /* LoginViewController.swift in Sources */,
				A31867022506359B004DFEF1 /* AppDelegate.swift in Sources */,
				A318671E250639B9004DFEF1 /* FavViewController.swift in Sources */,
				A31867042506359B004DFEF1 /* SceneDelegate.swift in Sources */,
			);
			runOnlyForDeploymentPostprocessing = 0;
		};
/* End PBXSourcesBuildPhase section */

/* Begin PBXVariantGroup section */
		A31867072506359B004DFEF1 /* Main.storyboard */ = {
			isa = PBXVariantGroup;
			children = (
				A31867082506359B004DFEF1 /* Base */,
			);
			name = Main.storyboard;
			sourceTree = "<group>";
		};
		A318670C2506359D004DFEF1 /* LaunchScreen.storyboard */ = {
			isa = PBXVariantGroup;
			children = (
				A318670D2506359D004DFEF1 /* Base */,
			);
			name = LaunchScreen.storyboard;
			sourceTree = "<group>";
		};
/* End PBXVariantGroup section */

/* Begin XCBuildConfiguration section */
		A31867102506359D004DFEF1 /* Debug */ = {
			isa = XCBuildConfiguration;
			buildSettings = {
				ALWAYS_SEARCH_USER_PATHS = NO;
				CLANG_ANALYZER_NONNULL = YES;
				CLANG_ANALYZER_NUMBER_OBJECT_CONVERSION = YES_AGGRESSIVE;
				CLANG_CXX_LANGUAGE_STANDARD = "gnu++14";
				CLANG_CXX_LIBRARY = "libc++";
				CLANG_ENABLE_MODULES = YES;
				CLANG_ENABLE_OBJC_ARC = YES;
				CLANG_ENABLE_OBJC_WEAK = YES;
				CLANG_WARN_BLOCK_CAPTURE_AUTORELEASING = YES;
				CLANG_WARN_BOOL_CONVERSION = YES;
				CLANG_WARN_COMMA = YES;
				CLANG_WARN_CONSTANT_CONVERSION = YES;
				CLANG_WARN_DEPRECATED_OBJC_IMPLEMENTATIONS = YES;
				CLANG_WARN_DIRECT_OBJC_ISA_USAGE = YES_ERROR;
				CLANG_WARN_DOCUMENTATION_COMMENTS = YES;
				CLANG_WARN_EMPTY_BODY = YES;
				CLANG_WARN_ENUM_CONVERSION = YES;
				CLANG_WARN_INFINITE_RECURSION = YES;
				CLANG_WARN_INT_CONVERSION = YES;
				CLANG_WARN_NON_LITERAL_NULL_CONVERSION = YES;
				CLANG_WARN_OBJC_IMPLICIT_RETAIN_SELF = YES;
				CLANG_WARN_OBJC_LITERAL_CONVERSION = YES;
				CLANG_WARN_OBJC_ROOT_CLASS = YES_ERROR;
				CLANG_WARN_RANGE_LOOP_ANALYSIS = YES;
				CLANG_WARN_STRICT_PROTOTYPES = YES;
				CLANG_WARN_SUSPICIOUS_MOVE = YES;
				CLANG_WARN_UNGUARDED_AVAILABILITY = YES_AGGRESSIVE;
				CLANG_WARN_UNREACHABLE_CODE = YES;
				CLANG_WARN__DUPLICATE_METHOD_MATCH = YES;
				COPY_PHASE_STRIP = NO;
				DEBUG_INFORMATION_FORMAT = dwarf;
				ENABLE_STRICT_OBJC_MSGSEND = YES;
				ENABLE_TESTABILITY = YES;
				GCC_C_LANGUAGE_STANDARD = gnu11;
				GCC_DYNAMIC_NO_PIC = NO;
				GCC_NO_COMMON_BLOCKS = YES;
				GCC_OPTIMIZATION_LEVEL = 0;
				GCC_PREPROCESSOR_DEFINITIONS = (
					"DEBUG=1",
					"$(inherited)",
				);
				GCC_WARN_64_TO_32_BIT_CONVERSION = YES;
				GCC_WARN_ABOUT_RETURN_TYPE = YES_ERROR;
				GCC_WARN_UNDECLARED_SELECTOR = YES;
				GCC_WARN_UNINITIALIZED_AUTOS = YES_AGGRESSIVE;
				GCC_WARN_UNUSED_FUNCTION = YES;
				GCC_WARN_UNUSED_VARIABLE = YES;
				IPHONEOS_DEPLOYMENT_TARGET = 13.1;
				MTL_ENABLE_DEBUG_INFO = INCLUDE_SOURCE;
				MTL_FAST_MATH = YES;
				ONLY_ACTIVE_ARCH = YES;
				SDKROOT = iphoneos;
				SWIFT_ACTIVE_COMPILATION_CONDITIONS = DEBUG;
				SWIFT_OPTIMIZATION_LEVEL = "-Onone";
			};
			name = Debug;
		};
		A31867112506359D004DFEF1 /* Release */ = {
			isa = XCBuildConfiguration;
			buildSettings = {
				ALWAYS_SEARCH_USER_PATHS = NO;
				CLANG_ANALYZER_NONNULL = YES;
				CLANG_ANALYZER_NUMBER_OBJECT_CONVERSION = YES_AGGRESSIVE;
				CLANG_CXX_LANGUAGE_STANDARD = "gnu++14";
				CLANG_CXX_LIBRARY = "libc++";
				CLANG_ENABLE_MODULES = YES;
				CLANG_ENABLE_OBJC_ARC = YES;
				CLANG_ENABLE_OBJC_WEAK = YES;
				CLANG_WARN_BLOCK_CAPTURE_AUTORELEASING = YES;
				CLANG_WARN_BOOL_CONVERSION = YES;
				CLANG_WARN_COMMA = YES;
				CLANG_WARN_CONSTANT_CONVERSION = YES;
				CLANG_WARN_DEPRECATED_OBJC_IMPLEMENTATIONS = YES;
				CLANG_WARN_DIRECT_OBJC_ISA_USAGE = YES_ERROR;
				CLANG_WARN_DOCUMENTATION_COMMENTS = YES;
				CLANG_WARN_EMPTY_BODY = YES;
				CLANG_WARN_ENUM_CONVERSION = YES;
				CLANG_WARN_INFINITE_RECURSION = YES;
				CLANG_WARN_INT_CONVERSION = YES;
				CLANG_WARN_NON_LITERAL_NULL_CONVERSION = YES;
				CLANG_WARN_OBJC_IMPLICIT_RETAIN_SELF = YES;
				CLANG_WARN_OBJC_LITERAL_CONVERSION = YES;
				CLANG_WARN_OBJC_ROOT_CLASS = YES_ERROR;
				CLANG_WARN_RANGE_LOOP_ANALYSIS = YES;
				CLANG_WARN_STRICT_PROTOTYPES = YES;
				CLANG_WARN_SUSPICIOUS_MOVE = YES;
				CLANG_WARN_UNGUARDED_AVAILABILITY = YES_AGGRESSIVE;
				CLANG_WARN_UNREACHABLE_CODE = YES;
				CLANG_WARN__DUPLICATE_METHOD_MATCH = YES;
				COPY_PHASE_STRIP = NO;
				DEBUG_INFORMATION_FORMAT = "dwarf-with-dsym";
				ENABLE_NS_ASSERTIONS = NO;
				ENABLE_STRICT_OBJC_MSGSEND = YES;
				GCC_C_LANGUAGE_STANDARD = gnu11;
				GCC_NO_COMMON_BLOCKS = YES;
				GCC_WARN_64_TO_32_BIT_CONVERSION = YES;
				GCC_WARN_ABOUT_RETURN_TYPE = YES_ERROR;
				GCC_WARN_UNDECLARED_SELECTOR = YES;
				GCC_WARN_UNINITIALIZED_AUTOS = YES_AGGRESSIVE;
				GCC_WARN_UNUSED_FUNCTION = YES;
				GCC_WARN_UNUSED_VARIABLE = YES;
				IPHONEOS_DEPLOYMENT_TARGET = 13.1;
				MTL_ENABLE_DEBUG_INFO = NO;
				MTL_FAST_MATH = YES;
				SDKROOT = iphoneos;
				SWIFT_COMPILATION_MODE = wholemodule;
				SWIFT_OPTIMIZATION_LEVEL = "-O";
				VALIDATE_PRODUCT = YES;
			};
			name = Release;
		};
		A31867132506359D004DFEF1 /* Debug */ = {
			isa = XCBuildConfiguration;
			baseConfigurationReference = F802A1775D8EE15B3203E36A /* Pods-cuser.debug.xcconfig */;
			buildSettings = {
				ASSETCATALOG_COMPILER_APPICON_NAME = AppIcon;
				CODE_SIGN_STYLE = Automatic;
				DEVELOPMENT_TEAM = 9J9FWPQU5K;
				INFOPLIST_FILE = cuser/Info.plist;
				LD_RUNPATH_SEARCH_PATHS = (
					"$(inherited)",
					"@executable_path/Frameworks",
				);
				PRODUCT_BUNDLE_IDENTIFIER = jp.techacademy.kaisei.iwata.cuser;
				PRODUCT_NAME = "$(TARGET_NAME)";
				SWIFT_VERSION = 5.0;
				TARGETED_DEVICE_FAMILY = 1;
			};
			name = Debug;
		};
		A31867142506359D004DFEF1 /* Release */ = {
			isa = XCBuildConfiguration;
			baseConfigurationReference = 2E67E18AEF2C1A9ACB31B8BB /* Pods-cuser.release.xcconfig */;
			buildSettings = {
				ASSETCATALOG_COMPILER_APPICON_NAME = AppIcon;
				CODE_SIGN_STYLE = Automatic;
				DEVELOPMENT_TEAM = 9J9FWPQU5K;
				INFOPLIST_FILE = cuser/Info.plist;
				LD_RUNPATH_SEARCH_PATHS = (
					"$(inherited)",
					"@executable_path/Frameworks",
				);
				PRODUCT_BUNDLE_IDENTIFIER = jp.techacademy.kaisei.iwata.cuser;
				PRODUCT_NAME = "$(TARGET_NAME)";
				SWIFT_VERSION = 5.0;
				TARGETED_DEVICE_FAMILY = 1;
			};
			name = Release;
		};
/* End XCBuildConfiguration section */

/* Begin XCConfigurationList section */
		A31866F92506359B004DFEF1 /* Build configuration list for PBXProject "cuser" */ = {
			isa = XCConfigurationList;
			buildConfigurations = (
				A31867102506359D004DFEF1 /* Debug */,
				A31867112506359D004DFEF1 /* Release */,
			);
			defaultConfigurationIsVisible = 0;
			defaultConfigurationName = Release;
		};
		A31867122506359D004DFEF1 /* Build configuration list for PBXNativeTarget "cuser" */ = {
			isa = XCConfigurationList;
			buildConfigurations = (
				A31867132506359D004DFEF1 /* Debug */,
				A31867142506359D004DFEF1 /* Release */,
			);
			defaultConfigurationIsVisible = 0;
			defaultConfigurationName = Release;
		};
/* End XCConfigurationList section */
	};
	rootObject = A31866F62506359B004DFEF1 /* Project object */;
}
